// !$*UTF8*$!
{
	archiveVersion = 1;
	classes = {
	};
	objectVersion = 56;
	objects = {

/* Begin PBXBuildFile section */
		EB0F89682B2613D1003DDFE9 /* UserDetailsViewModel.swift in Sources */ = {isa = PBXBuildFile; fileRef = EB0F89672B2613D1003DDFE9 /* UserDetailsViewModel.swift */; };
		EB0F896B2B261A18003DDFE9 /* UserDetails.swift in Sources */ = {isa = PBXBuildFile; fileRef = EB0F896A2B261A18003DDFE9 /* UserDetails.swift */; };
		EB0F896D2B261F8B003DDFE9 /* UserDetailsInfoView.swift in Sources */ = {isa = PBXBuildFile; fileRef = EB0F896C2B261F8B003DDFE9 /* UserDetailsInfoView.swift */; };
		EB0F896F2B261FAA003DDFE9 /* DetailsSectionView.swift in Sources */ = {isa = PBXBuildFile; fileRef = EB0F896E2B261FAA003DDFE9 /* DetailsSectionView.swift */; };
		EB0F89712B261FD8003DDFE9 /* UserFollowersFollowingView.swift in Sources */ = {isa = PBXBuildFile; fileRef = EB0F89702B261FD8003DDFE9 /* UserFollowersFollowingView.swift */; };
		EB0F89732B261FFC003DDFE9 /* IconTitleView.swift in Sources */ = {isa = PBXBuildFile; fileRef = EB0F89722B261FFC003DDFE9 /* IconTitleView.swift */; };
		EB0F89752B26200E003DDFE9 /* IconLinkView.swift in Sources */ = {isa = PBXBuildFile; fileRef = EB0F89742B26200E003DDFE9 /* IconLinkView.swift */; };
		EB1207E62B273056005AC783 /* ProfileStatsList.swift in Sources */ = {isa = PBXBuildFile; fileRef = EB1207E52B273056005AC783 /* ProfileStatsList.swift */; };
		EB1207EB2B2732CD005AC783 /* RepositoriesView.swift in Sources */ = {isa = PBXBuildFile; fileRef = EB1207EA2B2732CD005AC783 /* RepositoriesView.swift */; };
		EB1207F02B27341F005AC783 /* Repository.swift in Sources */ = {isa = PBXBuildFile; fileRef = EB1207EF2B27341F005AC783 /* Repository.swift */; };
		EB1207F22B273C63005AC783 /* RepositoriesViewModel.swift in Sources */ = {isa = PBXBuildFile; fileRef = EB1207F12B273C63005AC783 /* RepositoriesViewModel.swift */; };
		EB1207F42B27457B005AC783 /* RepositoryRow.swift in Sources */ = {isa = PBXBuildFile; fileRef = EB1207F32B27457B005AC783 /* RepositoryRow.swift */; };
		EB1207F62B274970005AC783 /* RepositoriesList.swift in Sources */ = {isa = PBXBuildFile; fileRef = EB1207F52B274970005AC783 /* RepositoriesList.swift */; };
		EB1207F92B274A9A005AC783 /* EmptySearchView.swift in Sources */ = {isa = PBXBuildFile; fileRef = EB1207F82B274A9A005AC783 /* EmptySearchView.swift */; };
		EB1207FB2B274D40005AC783 /* RepositoriesNetworking.swift in Sources */ = {isa = PBXBuildFile; fileRef = EB1207FA2B274D40005AC783 /* RepositoriesNetworking.swift */; };
		EB1207FF2B2756D0005AC783 /* AsyncImage.swift in Sources */ = {isa = PBXBuildFile; fileRef = EB1207FE2B2756D0005AC783 /* AsyncImage.swift */; };
		EB1208022B275CE7005AC783 /* ViewState.swift in Sources */ = {isa = PBXBuildFile; fileRef = EB1208012B275CE7005AC783 /* ViewState.swift */; };
		EB1208042B275F57005AC783 /* OwnerInfoView.swift in Sources */ = {isa = PBXBuildFile; fileRef = EB1208032B275F57005AC783 /* OwnerInfoView.swift */; };
		EB1208062B275F70005AC783 /* RepositoryInfoView.swift in Sources */ = {isa = PBXBuildFile; fileRef = EB1208052B275F70005AC783 /* RepositoryInfoView.swift */; };
		EB1208082B275F96005AC783 /* AdditionalInfoView.swift in Sources */ = {isa = PBXBuildFile; fileRef = EB1208072B275F96005AC783 /* AdditionalInfoView.swift */; };
		EB12080A2B285431005AC783 /* UsersListView.swift in Sources */ = {isa = PBXBuildFile; fileRef = EB1208092B285431005AC783 /* UsersListView.swift */; };
		EB12080C2B2854C9005AC783 /* AppTheme.swift in Sources */ = {isa = PBXBuildFile; fileRef = EB12080B2B2854C9005AC783 /* AppTheme.swift */; };
		EB12080E2B286897005AC783 /* NetworkService.swift in Sources */ = {isa = PBXBuildFile; fileRef = EB12080D2B286897005AC783 /* NetworkService.swift */; };
		EB1208102B28698F005AC783 /* HTTPMethod.swift in Sources */ = {isa = PBXBuildFile; fileRef = EB12080F2B28698F005AC783 /* HTTPMethod.swift */; };
		EB1208122B286A20005AC783 /* NetworkError.swift in Sources */ = {isa = PBXBuildFile; fileRef = EB1208112B286A20005AC783 /* NetworkError.swift */; };
		EB1208142B286F4B005AC783 /* UserDetailsNetworking.swift in Sources */ = {isa = PBXBuildFile; fileRef = EB1208132B286F4B005AC783 /* UserDetailsNetworking.swift */; };
		EB1208172B287388005AC783 /* URLRequestType.swift in Sources */ = {isa = PBXBuildFile; fileRef = EB1208162B287388005AC783 /* URLRequestType.swift */; };
		EB1208192B287CC6005AC783 /* DecodingHelper.swift in Sources */ = {isa = PBXBuildFile; fileRef = EB1208182B287CC6005AC783 /* DecodingHelper.swift */; };
		EB12081B2B287CEB005AC783 /* ResponseHelper.swift in Sources */ = {isa = PBXBuildFile; fileRef = EB12081A2B287CEB005AC783 /* ResponseHelper.swift */; };
		EB174D882B2AFC5B00DDEE97 /* Localizable.xcstrings in Resources */ = {isa = PBXBuildFile; fileRef = EB174D872B2AFC5B00DDEE97 /* Localizable.xcstrings */; };
		EB174D8B2B2AFD1100DDEE97 /* String+Ext.swift in Sources */ = {isa = PBXBuildFile; fileRef = EB174D8A2B2AFD1100DDEE97 /* String+Ext.swift */; };
		EBD77D5A2B23CEFC00028B24 /* GithubApp.swift in Sources */ = {isa = PBXBuildFile; fileRef = EBD77D592B23CEFC00028B24 /* GithubApp.swift */; };
		EBD77D5C2B23CEFC00028B24 /* UsersView.swift in Sources */ = {isa = PBXBuildFile; fileRef = EBD77D5B2B23CEFC00028B24 /* UsersView.swift */; };
		EBD77D602B23CEFF00028B24 /* Assets.xcassets in Resources */ = {isa = PBXBuildFile; fileRef = EBD77D5F2B23CEFF00028B24 /* Assets.xcassets */; };
		EBD77D642B23CEFF00028B24 /* Preview Assets.xcassets in Resources */ = {isa = PBXBuildFile; fileRef = EBD77D632B23CEFF00028B24 /* Preview Assets.xcassets */; };
		EBD77D6E2B23CEFF00028B24 /* HRTests.swift in Sources */ = {isa = PBXBuildFile; fileRef = EBD77D6D2B23CEFF00028B24 /* HRTests.swift */; };
		EBD77D782B23CEFF00028B24 /* GithubAppUITests.swift in Sources */ = {isa = PBXBuildFile; fileRef = EBD77D772B23CEFF00028B24 /* GithubAppUITests.swift */; };
		EBD77D7A2B23CEFF00028B24 /* GithubAppUITestsLaunchTests.swift in Sources */ = {isa = PBXBuildFile; fileRef = EBD77D792B23CEFF00028B24 /* GithubAppUITestsLaunchTests.swift */; };
		EBD77D8B2B23D75F00028B24 /* UserRow.swift in Sources */ = {isa = PBXBuildFile; fileRef = EBD77D8A2B23D75F00028B24 /* UserRow.swift */; };
		EBD77D8F2B23DC7F00028B24 /* UsersListViewModel.swift in Sources */ = {isa = PBXBuildFile; fileRef = EBD77D8E2B23DC7F00028B24 /* UsersListViewModel.swift */; };
		EBD77D922B23DCAF00028B24 /* User.swift in Sources */ = {isa = PBXBuildFile; fileRef = EBD77D912B23DCAF00028B24 /* User.swift */; };
		EBD77D9A2B23DE6100028B24 /* UserNetworking.swift in Sources */ = {isa = PBXBuildFile; fileRef = EBD77D992B23DE6100028B24 /* UserNetworking.swift */; };
		EBD77D9E2B24701B00028B24 /* HomeView.swift in Sources */ = {isa = PBXBuildFile; fileRef = EBD77D9D2B24701B00028B24 /* HomeView.swift */; };
		EBD77DA32B2478EF00028B24 /* UserDetailsView.swift in Sources */ = {isa = PBXBuildFile; fileRef = EBD77DA22B2478EF00028B24 /* UserDetailsView.swift */; };
/* End PBXBuildFile section */

/* Begin PBXContainerItemProxy section */
		EBD77D6A2B23CEFF00028B24 /* PBXContainerItemProxy */ = {
			isa = PBXContainerItemProxy;
			containerPortal = EBD77D4E2B23CEFC00028B24 /* Project object */;
			proxyType = 1;
			remoteGlobalIDString = EBD77D552B23CEFC00028B24;
			remoteInfo = HR;
		};
		EBD77D742B23CEFF00028B24 /* PBXContainerItemProxy */ = {
			isa = PBXContainerItemProxy;
			containerPortal = EBD77D4E2B23CEFC00028B24 /* Project object */;
			proxyType = 1;
			remoteGlobalIDString = EBD77D552B23CEFC00028B24;
			remoteInfo = HR;
		};
/* End PBXContainerItemProxy section */

/* Begin PBXFileReference section */
		EB0F89672B2613D1003DDFE9 /* UserDetailsViewModel.swift */ = {isa = PBXFileReference; lastKnownFileType = sourcecode.swift; path = UserDetailsViewModel.swift; sourceTree = "<group>"; };
		EB0F896A2B261A18003DDFE9 /* UserDetails.swift */ = {isa = PBXFileReference; lastKnownFileType = sourcecode.swift; path = UserDetails.swift; sourceTree = "<group>"; };
		EB0F896C2B261F8B003DDFE9 /* UserDetailsInfoView.swift */ = {isa = PBXFileReference; lastKnownFileType = sourcecode.swift; path = UserDetailsInfoView.swift; sourceTree = "<group>"; };
		EB0F896E2B261FAA003DDFE9 /* DetailsSectionView.swift */ = {isa = PBXFileReference; lastKnownFileType = sourcecode.swift; path = DetailsSectionView.swift; sourceTree = "<group>"; };
		EB0F89702B261FD8003DDFE9 /* UserFollowersFollowingView.swift */ = {isa = PBXFileReference; lastKnownFileType = sourcecode.swift; path = UserFollowersFollowingView.swift; sourceTree = "<group>"; };
		EB0F89722B261FFC003DDFE9 /* IconTitleView.swift */ = {isa = PBXFileReference; lastKnownFileType = sourcecode.swift; path = IconTitleView.swift; sourceTree = "<group>"; };
		EB0F89742B26200E003DDFE9 /* IconLinkView.swift */ = {isa = PBXFileReference; lastKnownFileType = sourcecode.swift; path = IconLinkView.swift; sourceTree = "<group>"; };
		EB1207E52B273056005AC783 /* ProfileStatsList.swift */ = {isa = PBXFileReference; lastKnownFileType = sourcecode.swift; path = ProfileStatsList.swift; sourceTree = "<group>"; };
		EB1207EA2B2732CD005AC783 /* RepositoriesView.swift */ = {isa = PBXFileReference; lastKnownFileType = sourcecode.swift; path = RepositoriesView.swift; sourceTree = "<group>"; };
		EB1207EF2B27341F005AC783 /* Repository.swift */ = {isa = PBXFileReference; lastKnownFileType = sourcecode.swift; path = Repository.swift; sourceTree = "<group>"; };
		EB1207F12B273C63005AC783 /* RepositoriesViewModel.swift */ = {isa = PBXFileReference; lastKnownFileType = sourcecode.swift; path = RepositoriesViewModel.swift; sourceTree = "<group>"; };
		EB1207F32B27457B005AC783 /* RepositoryRow.swift */ = {isa = PBXFileReference; lastKnownFileType = sourcecode.swift; path = RepositoryRow.swift; sourceTree = "<group>"; };
		EB1207F52B274970005AC783 /* RepositoriesList.swift */ = {isa = PBXFileReference; lastKnownFileType = sourcecode.swift; path = RepositoriesList.swift; sourceTree = "<group>"; };
		EB1207F82B274A9A005AC783 /* EmptySearchView.swift */ = {isa = PBXFileReference; lastKnownFileType = sourcecode.swift; path = EmptySearchView.swift; sourceTree = "<group>"; };
		EB1207FA2B274D40005AC783 /* RepositoriesNetworking.swift */ = {isa = PBXFileReference; lastKnownFileType = sourcecode.swift; path = RepositoriesNetworking.swift; sourceTree = "<group>"; };
		EB1207FE2B2756D0005AC783 /* AsyncImage.swift */ = {isa = PBXFileReference; lastKnownFileType = sourcecode.swift; path = AsyncImage.swift; sourceTree = "<group>"; };
		EB1208012B275CE7005AC783 /* ViewState.swift */ = {isa = PBXFileReference; lastKnownFileType = sourcecode.swift; path = ViewState.swift; sourceTree = "<group>"; };
		EB1208032B275F57005AC783 /* OwnerInfoView.swift */ = {isa = PBXFileReference; lastKnownFileType = sourcecode.swift; path = OwnerInfoView.swift; sourceTree = "<group>"; };
		EB1208052B275F70005AC783 /* RepositoryInfoView.swift */ = {isa = PBXFileReference; lastKnownFileType = sourcecode.swift; path = RepositoryInfoView.swift; sourceTree = "<group>"; };
		EB1208072B275F96005AC783 /* AdditionalInfoView.swift */ = {isa = PBXFileReference; lastKnownFileType = sourcecode.swift; path = AdditionalInfoView.swift; sourceTree = "<group>"; };
		EB1208092B285431005AC783 /* UsersListView.swift */ = {isa = PBXFileReference; lastKnownFileType = sourcecode.swift; path = UsersListView.swift; sourceTree = "<group>"; };
		EB12080B2B2854C9005AC783 /* AppTheme.swift */ = {isa = PBXFileReference; lastKnownFileType = sourcecode.swift; path = AppTheme.swift; sourceTree = "<group>"; };
		EB12080D2B286897005AC783 /* NetworkService.swift */ = {isa = PBXFileReference; lastKnownFileType = sourcecode.swift; path = NetworkService.swift; sourceTree = "<group>"; };
		EB12080F2B28698F005AC783 /* HTTPMethod.swift */ = {isa = PBXFileReference; lastKnownFileType = sourcecode.swift; path = HTTPMethod.swift; sourceTree = "<group>"; };
		EB1208112B286A20005AC783 /* NetworkError.swift */ = {isa = PBXFileReference; lastKnownFileType = sourcecode.swift; path = NetworkError.swift; sourceTree = "<group>"; };
		EB1208132B286F4B005AC783 /* UserDetailsNetworking.swift */ = {isa = PBXFileReference; lastKnownFileType = sourcecode.swift; path = UserDetailsNetworking.swift; sourceTree = "<group>"; };
		EB1208162B287388005AC783 /* URLRequestType.swift */ = {isa = PBXFileReference; lastKnownFileType = sourcecode.swift; path = URLRequestType.swift; sourceTree = "<group>"; };
		EB1208182B287CC6005AC783 /* DecodingHelper.swift */ = {isa = PBXFileReference; lastKnownFileType = sourcecode.swift; path = DecodingHelper.swift; sourceTree = "<group>"; };
		EB12081A2B287CEB005AC783 /* ResponseHelper.swift */ = {isa = PBXFileReference; lastKnownFileType = sourcecode.swift; path = ResponseHelper.swift; sourceTree = "<group>"; };
		EB174D872B2AFC5B00DDEE97 /* Localizable.xcstrings */ = {isa = PBXFileReference; lastKnownFileType = text.json.xcstrings; path = Localizable.xcstrings; sourceTree = "<group>"; };
		EB174D8A2B2AFD1100DDEE97 /* String+Ext.swift */ = {isa = PBXFileReference; lastKnownFileType = sourcecode.swift; path = "String+Ext.swift"; sourceTree = "<group>"; };
		EBD77D562B23CEFC00028B24 /* GithubApp.app */ = {isa = PBXFileReference; explicitFileType = wrapper.application; includeInIndex = 0; path = GithubApp.app; sourceTree = BUILT_PRODUCTS_DIR; };
		EBD77D592B23CEFC00028B24 /* GithubApp.swift */ = {isa = PBXFileReference; lastKnownFileType = sourcecode.swift; path = GithubApp.swift; sourceTree = "<group>"; };
		EBD77D5B2B23CEFC00028B24 /* UsersView.swift */ = {isa = PBXFileReference; lastKnownFileType = sourcecode.swift; path = UsersView.swift; sourceTree = "<group>"; };
		EBD77D5F2B23CEFF00028B24 /* Assets.xcassets */ = {isa = PBXFileReference; lastKnownFileType = folder.assetcatalog; path = Assets.xcassets; sourceTree = "<group>"; };
		EBD77D632B23CEFF00028B24 /* Preview Assets.xcassets */ = {isa = PBXFileReference; lastKnownFileType = folder.assetcatalog; path = "Preview Assets.xcassets"; sourceTree = "<group>"; };
		EBD77D692B23CEFF00028B24 /* GithubAppTests.xctest */ = {isa = PBXFileReference; explicitFileType = wrapper.cfbundle; includeInIndex = 0; path = GithubAppTests.xctest; sourceTree = BUILT_PRODUCTS_DIR; };
		EBD77D6D2B23CEFF00028B24 /* HRTests.swift */ = {isa = PBXFileReference; lastKnownFileType = sourcecode.swift; path = HRTests.swift; sourceTree = "<group>"; };
		EBD77D732B23CEFF00028B24 /* GithubAppUITests.xctest */ = {isa = PBXFileReference; explicitFileType = wrapper.cfbundle; includeInIndex = 0; path = GithubAppUITests.xctest; sourceTree = BUILT_PRODUCTS_DIR; };
		EBD77D772B23CEFF00028B24 /* GithubAppUITests.swift */ = {isa = PBXFileReference; lastKnownFileType = sourcecode.swift; path = GithubAppUITests.swift; sourceTree = "<group>"; };
		EBD77D792B23CEFF00028B24 /* GithubAppUITestsLaunchTests.swift */ = {isa = PBXFileReference; lastKnownFileType = sourcecode.swift; path = GithubAppUITestsLaunchTests.swift; sourceTree = "<group>"; };
		EBD77D8A2B23D75F00028B24 /* UserRow.swift */ = {isa = PBXFileReference; lastKnownFileType = sourcecode.swift; path = UserRow.swift; sourceTree = "<group>"; };
		EBD77D8E2B23DC7F00028B24 /* UsersListViewModel.swift */ = {isa = PBXFileReference; lastKnownFileType = sourcecode.swift; path = UsersListViewModel.swift; sourceTree = "<group>"; };
		EBD77D912B23DCAF00028B24 /* User.swift */ = {isa = PBXFileReference; lastKnownFileType = sourcecode.swift; path = User.swift; sourceTree = "<group>"; };
		EBD77D992B23DE6100028B24 /* UserNetworking.swift */ = {isa = PBXFileReference; lastKnownFileType = sourcecode.swift; path = UserNetworking.swift; sourceTree = "<group>"; };
		EBD77D9D2B24701B00028B24 /* HomeView.swift */ = {isa = PBXFileReference; lastKnownFileType = sourcecode.swift; path = HomeView.swift; sourceTree = "<group>"; };
		EBD77DA22B2478EF00028B24 /* UserDetailsView.swift */ = {isa = PBXFileReference; lastKnownFileType = sourcecode.swift; path = UserDetailsView.swift; sourceTree = "<group>"; };
/* End PBXFileReference section */

/* Begin PBXFrameworksBuildPhase section */
		EBD77D532B23CEFC00028B24 /* Frameworks */ = {
			isa = PBXFrameworksBuildPhase;
			buildActionMask = 2147483647;
			files = (
			);
			runOnlyForDeploymentPostprocessing = 0;
		};
		EBD77D662B23CEFF00028B24 /* Frameworks */ = {
			isa = PBXFrameworksBuildPhase;
			buildActionMask = 2147483647;
			files = (
			);
			runOnlyForDeploymentPostprocessing = 0;
		};
		EBD77D702B23CEFF00028B24 /* Frameworks */ = {
			isa = PBXFrameworksBuildPhase;
			buildActionMask = 2147483647;
			files = (
			);
			runOnlyForDeploymentPostprocessing = 0;
		};
/* End PBXFrameworksBuildPhase section */

/* Begin PBXGroup section */
		EB0F89662B2613C3003DDFE9 /* ViewModel */ = {
			isa = PBXGroup;
			children = (
				EB0F89672B2613D1003DDFE9 /* UserDetailsViewModel.swift */,
			);
			path = ViewModel;
			sourceTree = "<group>";
		};
		EB0F89692B261A0C003DDFE9 /* Model */ = {
			isa = PBXGroup;
			children = (
				EB0F896A2B261A18003DDFE9 /* UserDetails.swift */,
			);
			path = Model;
			sourceTree = "<group>";
		};
		EB1207E72B27326C005AC783 /* Repositories */ = {
			isa = PBXGroup;
			children = (
				EB1207EC2B2733B4005AC783 /* View */,
				EB1207ED2B2733B9005AC783 /* ViewModel */,
				EB1207EE2B2733C7005AC783 /* Model */,
			);
			path = Repositories;
			sourceTree = "<group>";
		};
		EB1207EC2B2733B4005AC783 /* View */ = {
			isa = PBXGroup;
			children = (
				EB1207EA2B2732CD005AC783 /* RepositoriesView.swift */,
				EB1207F52B274970005AC783 /* RepositoriesList.swift */,
				EB1207F32B27457B005AC783 /* RepositoryRow.swift */,
				EB1208032B275F57005AC783 /* OwnerInfoView.swift */,
				EB1208052B275F70005AC783 /* RepositoryInfoView.swift */,
				EB1208072B275F96005AC783 /* AdditionalInfoView.swift */,
			);
			path = View;
			sourceTree = "<group>";
		};
		EB1207ED2B2733B9005AC783 /* ViewModel */ = {
			isa = PBXGroup;
			children = (
				EB1207F12B273C63005AC783 /* RepositoriesViewModel.swift */,
			);
			path = ViewModel;
			sourceTree = "<group>";
		};
		EB1207EE2B2733C7005AC783 /* Model */ = {
			isa = PBXGroup;
			children = (
				EB1207EF2B27341F005AC783 /* Repository.swift */,
			);
			path = Model;
			sourceTree = "<group>";
		};
		EB1207F72B274A90005AC783 /* Common */ = {
			isa = PBXGroup;
			children = (
				EB1207F82B274A9A005AC783 /* EmptySearchView.swift */,
				EB1207FE2B2756D0005AC783 /* AsyncImage.swift */,
			);
			path = Common;
			sourceTree = "<group>";
		};
		EB1208002B275CDE005AC783 /* Common */ = {
			isa = PBXGroup;
			children = (
				EB1208012B275CE7005AC783 /* ViewState.swift */,
				EB12080B2B2854C9005AC783 /* AppTheme.swift */,
			);
			path = Common;
			sourceTree = "<group>";
		};
		EB1208152B287151005AC783 /* Core */ = {
			isa = PBXGroup;
			children = (
				EB1208162B287388005AC783 /* URLRequestType.swift */,
				EB12080F2B28698F005AC783 /* HTTPMethod.swift */,
				EB12081A2B287CEB005AC783 /* ResponseHelper.swift */,
				EB1208112B286A20005AC783 /* NetworkError.swift */,
				EB1208182B287CC6005AC783 /* DecodingHelper.swift */,
			);
			path = Core;
			sourceTree = "<group>";
		};
		EB174D842B2AF60300DDEE97 /* Localization */ = {
			isa = PBXGroup;
			children = (
				EB174D872B2AFC5B00DDEE97 /* Localizable.xcstrings */,
			);
			path = Localization;
			sourceTree = "<group>";
		};
		EB174D892B2AFD0600DDEE97 /* Extensions */ = {
			isa = PBXGroup;
			children = (
				EB174D8A2B2AFD1100DDEE97 /* String+Ext.swift */,
			);
			path = Extensions;
			sourceTree = "<group>";
		};
		EBD77D4D2B23CEFC00028B24 = {
			isa = PBXGroup;
			children = (
				EBD77D582B23CEFC00028B24 /* GithubApp */,
				EBD77D6C2B23CEFF00028B24 /* GithubAppTests */,
				EBD77D762B23CEFF00028B24 /* GithubAppUITests */,
				EBD77D572B23CEFC00028B24 /* Products */,
				EBD77D952B23DE3000028B24 /* Frameworks */,
			);
			sourceTree = "<group>";
		};
		EBD77D572B23CEFC00028B24 /* Products */ = {
			isa = PBXGroup;
			children = (
				EBD77D562B23CEFC00028B24 /* GithubApp.app */,
				EBD77D692B23CEFF00028B24 /* GithubAppTests.xctest */,
				EBD77D732B23CEFF00028B24 /* GithubAppUITests.xctest */,
			);
			name = Products;
			sourceTree = "<group>";
		};
		EBD77D582B23CEFC00028B24 /* GithubApp */ = {
			isa = PBXGroup;
			children = (
				EB174D892B2AFD0600DDEE97 /* Extensions */,
				EB174D842B2AF60300DDEE97 /* Localization */,
				EB1208002B275CDE005AC783 /* Common */,
				EBD77D982B23DE4300028B24 /* Networking */,
				EBD77D862B23D6EE00028B24 /* Modules */,
				EBD77D592B23CEFC00028B24 /* GithubApp.swift */,
				EBD77D5F2B23CEFF00028B24 /* Assets.xcassets */,
				EBD77D622B23CEFF00028B24 /* Preview Content */,
			);
			path = GithubApp;
			sourceTree = "<group>";
		};
		EBD77D622B23CEFF00028B24 /* Preview Content */ = {
			isa = PBXGroup;
			children = (
				EBD77D632B23CEFF00028B24 /* Preview Assets.xcassets */,
			);
			path = "Preview Content";
			sourceTree = "<group>";
		};
		EBD77D6C2B23CEFF00028B24 /* GithubAppTests */ = {
			isa = PBXGroup;
			children = (
				EBD77D6D2B23CEFF00028B24 /* HRTests.swift */,
			);
			path = GithubAppTests;
			sourceTree = "<group>";
		};
		EBD77D762B23CEFF00028B24 /* GithubAppUITests */ = {
			isa = PBXGroup;
			children = (
				EBD77D772B23CEFF00028B24 /* GithubAppUITests.swift */,
				EBD77D792B23CEFF00028B24 /* GithubAppUITestsLaunchTests.swift */,
			);
			path = GithubAppUITests;
			sourceTree = "<group>";
		};
		EBD77D862B23D6EE00028B24 /* Modules */ = {
			isa = PBXGroup;
			children = (
				EB1207F72B274A90005AC783 /* Common */,
				EBD77D872B23D6FA00028B24 /* Users */,
				EBD77DA12B24787A00028B24 /* UserDetails */,
				EB1207E72B27326C005AC783 /* Repositories */,
				EBD77D9D2B24701B00028B24 /* HomeView.swift */,
			);
			path = Modules;
			sourceTree = "<group>";
		};
		EBD77D872B23D6FA00028B24 /* Users */ = {
			isa = PBXGroup;
			children = (
				EBD77D8C2B23DC5800028B24 /* View */,
				EBD77D8D2B23DC7000028B24 /* ViewModel */,
				EBD77D902B23DC9E00028B24 /* Model */,
			);
			path = Users;
			sourceTree = "<group>";
		};
		EBD77D8C2B23DC5800028B24 /* View */ = {
			isa = PBXGroup;
			children = (
				EBD77D5B2B23CEFC00028B24 /* UsersView.swift */,
				EB1208092B285431005AC783 /* UsersListView.swift */,
				EBD77D8A2B23D75F00028B24 /* UserRow.swift */,
			);
			path = View;
			sourceTree = "<group>";
		};
		EBD77D8D2B23DC7000028B24 /* ViewModel */ = {
			isa = PBXGroup;
			children = (
				EBD77D8E2B23DC7F00028B24 /* UsersListViewModel.swift */,
			);
			path = ViewModel;
			sourceTree = "<group>";
		};
		EBD77D902B23DC9E00028B24 /* Model */ = {
			isa = PBXGroup;
			children = (
				EBD77D912B23DCAF00028B24 /* User.swift */,
			);
			path = Model;
			sourceTree = "<group>";
		};
		EBD77D952B23DE3000028B24 /* Frameworks */ = {
			isa = PBXGroup;
			children = (
			);
			name = Frameworks;
			sourceTree = "<group>";
		};
		EBD77D982B23DE4300028B24 /* Networking */ = {
			isa = PBXGroup;
			children = (
				EB12080D2B286897005AC783 /* NetworkService.swift */,
				EBD77D992B23DE6100028B24 /* UserNetworking.swift */,
				EB1208132B286F4B005AC783 /* UserDetailsNetworking.swift */,
				EB1207FA2B274D40005AC783 /* RepositoriesNetworking.swift */,
				EB1208152B287151005AC783 /* Core */,
			);
			path = Networking;
			sourceTree = "<group>";
		};
		EBD77DA12B24787A00028B24 /* UserDetails */ = {
			isa = PBXGroup;
			children = (
				EBD77DA42B24A42B00028B24 /* View */,
				EB0F89662B2613C3003DDFE9 /* ViewModel */,
				EB0F89692B261A0C003DDFE9 /* Model */,
			);
			path = UserDetails;
			sourceTree = "<group>";
		};
		EBD77DA42B24A42B00028B24 /* View */ = {
			isa = PBXGroup;
			children = (
				EBD77DA22B2478EF00028B24 /* UserDetailsView.swift */,
				EB0F896C2B261F8B003DDFE9 /* UserDetailsInfoView.swift */,
				EB0F896E2B261FAA003DDFE9 /* DetailsSectionView.swift */,
				EB1207E52B273056005AC783 /* ProfileStatsList.swift */,
				EB0F89702B261FD8003DDFE9 /* UserFollowersFollowingView.swift */,
				EB0F89722B261FFC003DDFE9 /* IconTitleView.swift */,
				EB0F89742B26200E003DDFE9 /* IconLinkView.swift */,
			);
			path = View;
			sourceTree = "<group>";
		};
/* End PBXGroup section */

/* Begin PBXNativeTarget section */
		EBD77D552B23CEFC00028B24 /* GithubApp */ = {
			isa = PBXNativeTarget;
			buildConfigurationList = EBD77D7D2B23CEFF00028B24 /* Build configuration list for PBXNativeTarget "GithubApp" */;
			buildPhases = (
				EBD77D522B23CEFC00028B24 /* Sources */,
				EBD77D532B23CEFC00028B24 /* Frameworks */,
				EBD77D542B23CEFC00028B24 /* Resources */,
			);
			buildRules = (
			);
			dependencies = (
			);
			name = GithubApp;
			packageProductDependencies = (
			);
			productName = HR;
			productReference = EBD77D562B23CEFC00028B24 /* GithubApp.app */;
			productType = "com.apple.product-type.application";
		};
		EBD77D682B23CEFF00028B24 /* GithubAppTests */ = {
			isa = PBXNativeTarget;
			buildConfigurationList = EBD77D802B23CEFF00028B24 /* Build configuration list for PBXNativeTarget "GithubAppTests" */;
			buildPhases = (
				EBD77D652B23CEFF00028B24 /* Sources */,
				EBD77D662B23CEFF00028B24 /* Frameworks */,
				EBD77D672B23CEFF00028B24 /* Resources */,
			);
			buildRules = (
			);
			dependencies = (
				EBD77D6B2B23CEFF00028B24 /* PBXTargetDependency */,
			);
			name = GithubAppTests;
			productName = HRTests;
			productReference = EBD77D692B23CEFF00028B24 /* GithubAppTests.xctest */;
			productType = "com.apple.product-type.bundle.unit-test";
		};
		EBD77D722B23CEFF00028B24 /* GithubAppUITests */ = {
			isa = PBXNativeTarget;
			buildConfigurationList = EBD77D832B23CEFF00028B24 /* Build configuration list for PBXNativeTarget "GithubAppUITests" */;
			buildPhases = (
				EBD77D6F2B23CEFF00028B24 /* Sources */,
				EBD77D702B23CEFF00028B24 /* Frameworks */,
				EBD77D712B23CEFF00028B24 /* Resources */,
			);
			buildRules = (
			);
			dependencies = (
				EBD77D752B23CEFF00028B24 /* PBXTargetDependency */,
			);
			name = GithubAppUITests;
			productName = HRUITests;
			productReference = EBD77D732B23CEFF00028B24 /* GithubAppUITests.xctest */;
			productType = "com.apple.product-type.bundle.ui-testing";
		};
/* End PBXNativeTarget section */

/* Begin PBXProject section */
		EBD77D4E2B23CEFC00028B24 /* Project object */ = {
			isa = PBXProject;
			attributes = {
				BuildIndependentTargetsInParallel = 1;
				LastSwiftUpdateCheck = 1500;
				LastUpgradeCheck = 1500;
				TargetAttributes = {
					EBD77D552B23CEFC00028B24 = {
						CreatedOnToolsVersion = 15.0.1;
					};
					EBD77D682B23CEFF00028B24 = {
						CreatedOnToolsVersion = 15.0.1;
						TestTargetID = EBD77D552B23CEFC00028B24;
					};
					EBD77D722B23CEFF00028B24 = {
						CreatedOnToolsVersion = 15.0.1;
						TestTargetID = EBD77D552B23CEFC00028B24;
					};
				};
			};
			buildConfigurationList = EBD77D512B23CEFC00028B24 /* Build configuration list for PBXProject "GithubApp" */;
			compatibilityVersion = "Xcode 14.0";
			developmentRegion = en;
			hasScannedForEncodings = 0;
			knownRegions = (
				en,
				Base,
				ar,
			);
			mainGroup = EBD77D4D2B23CEFC00028B24;
			productRefGroup = EBD77D572B23CEFC00028B24 /* Products */;
			projectDirPath = "";
			projectRoot = "";
			targets = (
				EBD77D552B23CEFC00028B24 /* GithubApp */,
				EBD77D682B23CEFF00028B24 /* GithubAppTests */,
				EBD77D722B23CEFF00028B24 /* GithubAppUITests */,
			);
		};
/* End PBXProject section */

/* Begin PBXResourcesBuildPhase section */
		EBD77D542B23CEFC00028B24 /* Resources */ = {
			isa = PBXResourcesBuildPhase;
			buildActionMask = 2147483647;
			files = (
				EBD77D642B23CEFF00028B24 /* Preview Assets.xcassets in Resources */,
				EBD77D602B23CEFF00028B24 /* Assets.xcassets in Resources */,
				EB174D882B2AFC5B00DDEE97 /* Localizable.xcstrings in Resources */,
			);
			runOnlyForDeploymentPostprocessing = 0;
		};
		EBD77D672B23CEFF00028B24 /* Resources */ = {
			isa = PBXResourcesBuildPhase;
			buildActionMask = 2147483647;
			files = (
			);
			runOnlyForDeploymentPostprocessing = 0;
		};
		EBD77D712B23CEFF00028B24 /* Resources */ = {
			isa = PBXResourcesBuildPhase;
			buildActionMask = 2147483647;
			files = (
			);
			runOnlyForDeploymentPostprocessing = 0;
		};
/* End PBXResourcesBuildPhase section */

/* Begin PBXSourcesBuildPhase section */
		EBD77D522B23CEFC00028B24 /* Sources */ = {
			isa = PBXSourcesBuildPhase;
			buildActionMask = 2147483647;
			files = (
				EBD77D8B2B23D75F00028B24 /* UserRow.swift in Sources */,
				EB0F89732B261FFC003DDFE9 /* IconTitleView.swift in Sources */,
				EBD77D8F2B23DC7F00028B24 /* UsersListViewModel.swift in Sources */,
				EB12080C2B2854C9005AC783 /* AppTheme.swift in Sources */,
				EBD77D922B23DCAF00028B24 /* User.swift in Sources */,
				EB1207FF2B2756D0005AC783 /* AsyncImage.swift in Sources */,
				EBD77DA32B2478EF00028B24 /* UserDetailsView.swift in Sources */,
				EB12080A2B285431005AC783 /* UsersListView.swift in Sources */,
				EB1208172B287388005AC783 /* URLRequestType.swift in Sources */,
				EB1207EB2B2732CD005AC783 /* RepositoriesView.swift in Sources */,
				EB12080E2B286897005AC783 /* NetworkService.swift in Sources */,
				EB1207F62B274970005AC783 /* RepositoriesList.swift in Sources */,
				EB1208042B275F57005AC783 /* OwnerInfoView.swift in Sources */,
				EB1208062B275F70005AC783 /* RepositoryInfoView.swift in Sources */,
				EB1208102B28698F005AC783 /* HTTPMethod.swift in Sources */,
				EB1207F92B274A9A005AC783 /* EmptySearchView.swift in Sources */,
				EB1208022B275CE7005AC783 /* ViewState.swift in Sources */,
				EB12081B2B287CEB005AC783 /* ResponseHelper.swift in Sources */,
				EB1208122B286A20005AC783 /* NetworkError.swift in Sources */,
				EBD77D5C2B23CEFC00028B24 /* UsersView.swift in Sources */,
				EB1208082B275F96005AC783 /* AdditionalInfoView.swift in Sources */,
				EB1208192B287CC6005AC783 /* DecodingHelper.swift in Sources */,
				EB0F896B2B261A18003DDFE9 /* UserDetails.swift in Sources */,
				EB0F89682B2613D1003DDFE9 /* UserDetailsViewModel.swift in Sources */,
				EB0F89712B261FD8003DDFE9 /* UserFollowersFollowingView.swift in Sources */,
				EB1207F02B27341F005AC783 /* Repository.swift in Sources */,
				EB1207E62B273056005AC783 /* ProfileStatsList.swift in Sources */,
				EB0F896D2B261F8B003DDFE9 /* UserDetailsInfoView.swift in Sources */,
				EBD77D9E2B24701B00028B24 /* HomeView.swift in Sources */,
				EB1207F42B27457B005AC783 /* RepositoryRow.swift in Sources */,
				EBD77D9A2B23DE6100028B24 /* UserNetworking.swift in Sources */,
				EB1208142B286F4B005AC783 /* UserDetailsNetworking.swift in Sources */,
				EB174D8B2B2AFD1100DDEE97 /* String+Ext.swift in Sources */,
				EB0F896F2B261FAA003DDFE9 /* DetailsSectionView.swift in Sources */,
				EBD77D5A2B23CEFC00028B24 /* GithubApp.swift in Sources */,
				EB1207F22B273C63005AC783 /* RepositoriesViewModel.swift in Sources */,
				EB0F89752B26200E003DDFE9 /* IconLinkView.swift in Sources */,
				EB1207FB2B274D40005AC783 /* RepositoriesNetworking.swift in Sources */,
			);
			runOnlyForDeploymentPostprocessing = 0;
		};
		EBD77D652B23CEFF00028B24 /* Sources */ = {
			isa = PBXSourcesBuildPhase;
			buildActionMask = 2147483647;
			files = (
				EBD77D6E2B23CEFF00028B24 /* HRTests.swift in Sources */,
			);
			runOnlyForDeploymentPostprocessing = 0;
		};
		EBD77D6F2B23CEFF00028B24 /* Sources */ = {
			isa = PBXSourcesBuildPhase;
			buildActionMask = 2147483647;
			files = (
				EBD77D7A2B23CEFF00028B24 /* GithubAppUITestsLaunchTests.swift in Sources */,
				EBD77D782B23CEFF00028B24 /* GithubAppUITests.swift in Sources */,
			);
			runOnlyForDeploymentPostprocessing = 0;
		};
/* End PBXSourcesBuildPhase section */

/* Begin PBXTargetDependency section */
		EBD77D6B2B23CEFF00028B24 /* PBXTargetDependency */ = {
			isa = PBXTargetDependency;
			target = EBD77D552B23CEFC00028B24 /* GithubApp */;
			targetProxy = EBD77D6A2B23CEFF00028B24 /* PBXContainerItemProxy */;
		};
		EBD77D752B23CEFF00028B24 /* PBXTargetDependency */ = {
			isa = PBXTargetDependency;
			target = EBD77D552B23CEFC00028B24 /* GithubApp */;
			targetProxy = EBD77D742B23CEFF00028B24 /* PBXContainerItemProxy */;
		};
/* End PBXTargetDependency section */

/* Begin XCBuildConfiguration section */
		EBD77D7B2B23CEFF00028B24 /* Debug */ = {
			isa = XCBuildConfiguration;
			buildSettings = {
				ALWAYS_SEARCH_USER_PATHS = NO;
				ASSETCATALOG_COMPILER_GENERATE_SWIFT_ASSET_SYMBOL_EXTENSIONS = YES;
				CLANG_ANALYZER_NONNULL = YES;
				CLANG_ANALYZER_NUMBER_OBJECT_CONVERSION = YES_AGGRESSIVE;
				CLANG_CXX_LANGUAGE_STANDARD = "gnu++20";
				CLANG_ENABLE_MODULES = YES;
				CLANG_ENABLE_OBJC_ARC = YES;
				CLANG_ENABLE_OBJC_WEAK = YES;
				CLANG_WARN_BLOCK_CAPTURE_AUTORELEASING = YES;
				CLANG_WARN_BOOL_CONVERSION = YES;
				CLANG_WARN_COMMA = YES;
				CLANG_WARN_CONSTANT_CONVERSION = YES;
				CLANG_WARN_DEPRECATED_OBJC_IMPLEMENTATIONS = YES;
				CLANG_WARN_DIRECT_OBJC_ISA_USAGE = YES_ERROR;
				CLANG_WARN_DOCUMENTATION_COMMENTS = YES;
				CLANG_WARN_EMPTY_BODY = YES;
				CLANG_WARN_ENUM_CONVERSION = YES;
				CLANG_WARN_INFINITE_RECURSION = YES;
				CLANG_WARN_INT_CONVERSION = YES;
				CLANG_WARN_NON_LITERAL_NULL_CONVERSION = YES;
				CLANG_WARN_OBJC_IMPLICIT_RETAIN_SELF = YES;
				CLANG_WARN_OBJC_LITERAL_CONVERSION = YES;
				CLANG_WARN_OBJC_ROOT_CLASS = YES_ERROR;
				CLANG_WARN_QUOTED_INCLUDE_IN_FRAMEWORK_HEADER = YES;
				CLANG_WARN_RANGE_LOOP_ANALYSIS = YES;
				CLANG_WARN_STRICT_PROTOTYPES = YES;
				CLANG_WARN_SUSPICIOUS_MOVE = YES;
				CLANG_WARN_UNGUARDED_AVAILABILITY = YES_AGGRESSIVE;
				CLANG_WARN_UNREACHABLE_CODE = YES;
				CLANG_WARN__DUPLICATE_METHOD_MATCH = YES;
				COPY_PHASE_STRIP = NO;
				DEBUG_INFORMATION_FORMAT = dwarf;
				ENABLE_STRICT_OBJC_MSGSEND = YES;
				ENABLE_TESTABILITY = YES;
				ENABLE_USER_SCRIPT_SANDBOXING = YES;
				GCC_C_LANGUAGE_STANDARD = gnu17;
				GCC_DYNAMIC_NO_PIC = NO;
				GCC_NO_COMMON_BLOCKS = YES;
				GCC_OPTIMIZATION_LEVEL = 0;
				GCC_PREPROCESSOR_DEFINITIONS = (
					"DEBUG=1",
					"$(inherited)",
				);
				GCC_WARN_64_TO_32_BIT_CONVERSION = YES;
				GCC_WARN_ABOUT_RETURN_TYPE = YES_ERROR;
				GCC_WARN_UNDECLARED_SELECTOR = YES;
				GCC_WARN_UNINITIALIZED_AUTOS = YES_AGGRESSIVE;
				GCC_WARN_UNUSED_FUNCTION = YES;
				GCC_WARN_UNUSED_VARIABLE = YES;
				LOCALIZATION_PREFERS_STRING_CATALOGS = YES;
				MTL_ENABLE_DEBUG_INFO = INCLUDE_SOURCE;
				MTL_FAST_MATH = YES;
				ONLY_ACTIVE_ARCH = YES;
				SWIFT_ACTIVE_COMPILATION_CONDITIONS = "DEBUG $(inherited)";
				SWIFT_OPTIMIZATION_LEVEL = "-Onone";
			};
			name = Debug;
		};
		EBD77D7C2B23CEFF00028B24 /* Release */ = {
			isa = XCBuildConfiguration;
			buildSettings = {
				ALWAYS_SEARCH_USER_PATHS = NO;
				ASSETCATALOG_COMPILER_GENERATE_SWIFT_ASSET_SYMBOL_EXTENSIONS = YES;
				CLANG_ANALYZER_NONNULL = YES;
				CLANG_ANALYZER_NUMBER_OBJECT_CONVERSION = YES_AGGRESSIVE;
				CLANG_CXX_LANGUAGE_STANDARD = "gnu++20";
				CLANG_ENABLE_MODULES = YES;
				CLANG_ENABLE_OBJC_ARC = YES;
				CLANG_ENABLE_OBJC_WEAK = YES;
				CLANG_WARN_BLOCK_CAPTURE_AUTORELEASING = YES;
				CLANG_WARN_BOOL_CONVERSION = YES;
				CLANG_WARN_COMMA = YES;
				CLANG_WARN_CONSTANT_CONVERSION = YES;
				CLANG_WARN_DEPRECATED_OBJC_IMPLEMENTATIONS = YES;
				CLANG_WARN_DIRECT_OBJC_ISA_USAGE = YES_ERROR;
				CLANG_WARN_DOCUMENTATION_COMMENTS = YES;
				CLANG_WARN_EMPTY_BODY = YES;
				CLANG_WARN_ENUM_CONVERSION = YES;
				CLANG_WARN_INFINITE_RECURSION = YES;
				CLANG_WARN_INT_CONVERSION = YES;
				CLANG_WARN_NON_LITERAL_NULL_CONVERSION = YES;
				CLANG_WARN_OBJC_IMPLICIT_RETAIN_SELF = YES;
				CLANG_WARN_OBJC_LITERAL_CONVERSION = YES;
				CLANG_WARN_OBJC_ROOT_CLASS = YES_ERROR;
				CLANG_WARN_QUOTED_INCLUDE_IN_FRAMEWORK_HEADER = YES;
				CLANG_WARN_RANGE_LOOP_ANALYSIS = YES;
				CLANG_WARN_STRICT_PROTOTYPES = YES;
				CLANG_WARN_SUSPICIOUS_MOVE = YES;
				CLANG_WARN_UNGUARDED_AVAILABILITY = YES_AGGRESSIVE;
				CLANG_WARN_UNREACHABLE_CODE = YES;
				CLANG_WARN__DUPLICATE_METHOD_MATCH = YES;
				COPY_PHASE_STRIP = NO;
				DEBUG_INFORMATION_FORMAT = "dwarf-with-dsym";
				ENABLE_NS_ASSERTIONS = NO;
				ENABLE_STRICT_OBJC_MSGSEND = YES;
				ENABLE_USER_SCRIPT_SANDBOXING = YES;
				GCC_C_LANGUAGE_STANDARD = gnu17;
				GCC_NO_COMMON_BLOCKS = YES;
				GCC_WARN_64_TO_32_BIT_CONVERSION = YES;
				GCC_WARN_ABOUT_RETURN_TYPE = YES_ERROR;
				GCC_WARN_UNDECLARED_SELECTOR = YES;
				GCC_WARN_UNINITIALIZED_AUTOS = YES_AGGRESSIVE;
				GCC_WARN_UNUSED_FUNCTION = YES;
				GCC_WARN_UNUSED_VARIABLE = YES;
				LOCALIZATION_PREFERS_STRING_CATALOGS = YES;
				MTL_ENABLE_DEBUG_INFO = NO;
				MTL_FAST_MATH = YES;
				SWIFT_COMPILATION_MODE = wholemodule;
			};
			name = Release;
		};
		EBD77D7E2B23CEFF00028B24 /* Debug */ = {
			isa = XCBuildConfiguration;
			buildSettings = {
				ASSETCATALOG_COMPILER_APPICON_NAME = AppIcon;
				ASSETCATALOG_COMPILER_GLOBAL_ACCENT_COLOR_NAME = AccentColor;
				CODE_SIGN_STYLE = Automatic;
				CURRENT_PROJECT_VERSION = 1;
				DEVELOPMENT_ASSET_PATHS = "\"GithubApp/Preview Content\"";
				DEVELOPMENT_TEAM = WFTUBVYR24;
				ENABLE_HARDENED_RUNTIME = YES;
				ENABLE_PREVIEWS = YES;
				GENERATE_INFOPLIST_FILE = YES;
				"INFOPLIST_KEY_UIApplicationSceneManifest_Generation[sdk=iphoneos*]" = YES;
				"INFOPLIST_KEY_UIApplicationSceneManifest_Generation[sdk=iphonesimulator*]" = YES;
				"INFOPLIST_KEY_UIApplicationSupportsIndirectInputEvents[sdk=iphoneos*]" = YES;
				"INFOPLIST_KEY_UIApplicationSupportsIndirectInputEvents[sdk=iphonesimulator*]" = YES;
				"INFOPLIST_KEY_UILaunchScreen_Generation[sdk=iphoneos*]" = YES;
				"INFOPLIST_KEY_UILaunchScreen_Generation[sdk=iphonesimulator*]" = YES;
				"INFOPLIST_KEY_UIStatusBarStyle[sdk=iphoneos*]" = UIStatusBarStyleDefault;
				"INFOPLIST_KEY_UIStatusBarStyle[sdk=iphonesimulator*]" = UIStatusBarStyleDefault;
				INFOPLIST_KEY_UISupportedInterfaceOrientations_iPad = "UIInterfaceOrientationPortrait UIInterfaceOrientationPortraitUpsideDown UIInterfaceOrientationLandscapeLeft UIInterfaceOrientationLandscapeRight";
				INFOPLIST_KEY_UISupportedInterfaceOrientations_iPhone = "UIInterfaceOrientationPortrait UIInterfaceOrientationLandscapeLeft UIInterfaceOrientationLandscapeRight";
				IPHONEOS_DEPLOYMENT_TARGET = 17.0;
				LD_RUNPATH_SEARCH_PATHS = "@executable_path/Frameworks";
				"LD_RUNPATH_SEARCH_PATHS[sdk=macosx*]" = "@executable_path/../Frameworks";
				MACOSX_DEPLOYMENT_TARGET = 14.0;
				MARKETING_VERSION = 1.0;
				PRODUCT_BUNDLE_IDENTIFIER = com.kareem.GithubApp;
				PRODUCT_NAME = "$(TARGET_NAME)";
				SDKROOT = auto;
				SUPPORTED_PLATFORMS = "iphoneos iphonesimulator";
				SUPPORTS_MACCATALYST = NO;
				SWIFT_EMIT_LOC_STRINGS = YES;
				SWIFT_VERSION = 5.0;
				TARGETED_DEVICE_FAMILY = "1,2";
			};
			name = Debug;
		};
		EBD77D7F2B23CEFF00028B24 /* Release */ = {
			isa = XCBuildConfiguration;
			buildSettings = {
				ASSETCATALOG_COMPILER_APPICON_NAME = AppIcon;
				ASSETCATALOG_COMPILER_GLOBAL_ACCENT_COLOR_NAME = AccentColor;
				CODE_SIGN_STYLE = Automatic;
				CURRENT_PROJECT_VERSION = 1;
				DEVELOPMENT_ASSET_PATHS = "\"GithubApp/Preview Content\"";
				DEVELOPMENT_TEAM = WFTUBVYR24;
				ENABLE_HARDENED_RUNTIME = YES;
				ENABLE_PREVIEWS = YES;
				GENERATE_INFOPLIST_FILE = YES;
				"INFOPLIST_KEY_UIApplicationSceneManifest_Generation[sdk=iphoneos*]" = YES;
				"INFOPLIST_KEY_UIApplicationSceneManifest_Generation[sdk=iphonesimulator*]" = YES;
				"INFOPLIST_KEY_UIApplicationSupportsIndirectInputEvents[sdk=iphoneos*]" = YES;
				"INFOPLIST_KEY_UIApplicationSupportsIndirectInputEvents[sdk=iphonesimulator*]" = YES;
				"INFOPLIST_KEY_UILaunchScreen_Generation[sdk=iphoneos*]" = YES;
				"INFOPLIST_KEY_UILaunchScreen_Generation[sdk=iphonesimulator*]" = YES;
				"INFOPLIST_KEY_UIStatusBarStyle[sdk=iphoneos*]" = UIStatusBarStyleDefault;
				"INFOPLIST_KEY_UIStatusBarStyle[sdk=iphonesimulator*]" = UIStatusBarStyleDefault;
				INFOPLIST_KEY_UISupportedInterfaceOrientations_iPad = "UIInterfaceOrientationPortrait UIInterfaceOrientationPortraitUpsideDown UIInterfaceOrientationLandscapeLeft UIInterfaceOrientationLandscapeRight";
				INFOPLIST_KEY_UISupportedInterfaceOrientations_iPhone = "UIInterfaceOrientationPortrait UIInterfaceOrientationLandscapeLeft UIInterfaceOrientationLandscapeRight";
				IPHONEOS_DEPLOYMENT_TARGET = 17.0;
				LD_RUNPATH_SEARCH_PATHS = "@executable_path/Frameworks";
				"LD_RUNPATH_SEARCH_PATHS[sdk=macosx*]" = "@executable_path/../Frameworks";
				MACOSX_DEPLOYMENT_TARGET = 14.0;
				MARKETING_VERSION = 1.0;
				PRODUCT_BUNDLE_IDENTIFIER = com.kareem.GithubApp;
				PRODUCT_NAME = "$(TARGET_NAME)";
				SDKROOT = auto;
				SUPPORTED_PLATFORMS = "iphoneos iphonesimulator";
				SUPPORTS_MACCATALYST = NO;
				SWIFT_EMIT_LOC_STRINGS = YES;
				SWIFT_VERSION = 5.0;
				TARGETED_DEVICE_FAMILY = "1,2";
			};
			name = Release;
		};
		EBD77D812B23CEFF00028B24 /* Debug */ = {
			isa = XCBuildConfiguration;
			buildSettings = {
				ALWAYS_EMBED_SWIFT_STANDARD_LIBRARIES = YES;
				BUNDLE_LOADER = "$(TEST_HOST)";
				CODE_SIGN_STYLE = Automatic;
				CURRENT_PROJECT_VERSION = 1;
				DEVELOPMENT_TEAM = WFTUBVYR24;
				GENERATE_INFOPLIST_FILE = YES;
				IPHONEOS_DEPLOYMENT_TARGET = 17.0;
				MACOSX_DEPLOYMENT_TARGET = 14.0;
				MARKETING_VERSION = 1.0;
				PRODUCT_BUNDLE_IDENTIFIER = com.kareem.HRTests;
				PRODUCT_NAME = "$(TARGET_NAME)";
				SDKROOT = auto;
				SUPPORTED_PLATFORMS = "iphoneos iphonesimulator macosx";
				SWIFT_EMIT_LOC_STRINGS = NO;
				SWIFT_VERSION = 5.0;
				TARGETED_DEVICE_FAMILY = "1,2";
				TEST_HOST = "$(BUILT_PRODUCTS_DIR)/GithubApp.app/$(BUNDLE_EXECUTABLE_FOLDER_PATH)/GithubApp";
			};
			name = Debug;
		};
		EBD77D822B23CEFF00028B24 /* Release */ = {
			isa = XCBuildConfiguration;
			buildSettings = {
				ALWAYS_EMBED_SWIFT_STANDARD_LIBRARIES = YES;
				BUNDLE_LOADER = "$(TEST_HOST)";
				CODE_SIGN_STYLE = Automatic;
				CURRENT_PROJECT_VERSION = 1;
				DEVELOPMENT_TEAM = WFTUBVYR24;
				GENERATE_INFOPLIST_FILE = YES;
				IPHONEOS_DEPLOYMENT_TARGET = 17.0;
				MACOSX_DEPLOYMENT_TARGET = 14.0;
				MARKETING_VERSION = 1.0;
				PRODUCT_BUNDLE_IDENTIFIER = com.kareem.HRTests;
				PRODUCT_NAME = "$(TARGET_NAME)";
				SDKROOT = auto;
				SUPPORTED_PLATFORMS = "iphoneos iphonesimulator macosx";
				SWIFT_EMIT_LOC_STRINGS = NO;
				SWIFT_VERSION = 5.0;
				TARGETED_DEVICE_FAMILY = "1,2";
				TEST_HOST = "$(BUILT_PRODUCTS_DIR)/GithubApp.app/$(BUNDLE_EXECUTABLE_FOLDER_PATH)/GithubApp";
			};
			name = Release;
		};
		EBD77D842B23CEFF00028B24 /* Debug */ = {
			isa = XCBuildConfiguration;
			buildSettings = {
				ALWAYS_EMBED_SWIFT_STANDARD_LIBRARIES = YES;
				CODE_SIGN_STYLE = Automatic;
				CURRENT_PROJECT_VERSION = 1;
				DEVELOPMENT_TEAM = WFTUBVYR24;
				GENERATE_INFOPLIST_FILE = YES;
				IPHONEOS_DEPLOYMENT_TARGET = 17.0;
				MACOSX_DEPLOYMENT_TARGET = 14.0;
				MARKETING_VERSION = 1.0;
				PRODUCT_BUNDLE_IDENTIFIER = com.kareem.HRUITests;
				PRODUCT_NAME = "$(TARGET_NAME)";
				SDKROOT = auto;
				SUPPORTED_PLATFORMS = "iphoneos iphonesimulator macosx";
				SWIFT_EMIT_LOC_STRINGS = NO;
				SWIFT_VERSION = 5.0;
				TARGETED_DEVICE_FAMILY = "1,2";
				TEST_TARGET_NAME = HR;
			};
			name = Debug;
		};
		EBD77D852B23CEFF00028B24 /* Release */ = {
			isa = XCBuildConfiguration;
			buildSettings = {
				ALWAYS_EMBED_SWIFT_STANDARD_LIBRARIES = YES;
				CODE_SIGN_STYLE = Automatic;
				CURRENT_PROJECT_VERSION = 1;
				DEVELOPMENT_TEAM = WFTUBVYR24;
				GENERATE_INFOPLIST_FILE = YES;
				IPHONEOS_DEPLOYMENT_TARGET = 17.0;
				MACOSX_DEPLOYMENT_TARGET = 14.0;
				MARKETING_VERSION = 1.0;
				PRODUCT_BUNDLE_IDENTIFIER = com.kareem.HRUITests;
				PRODUCT_NAME = "$(TARGET_NAME)";
				SDKROOT = auto;
				SUPPORTED_PLATFORMS = "iphoneos iphonesimulator macosx";
				SWIFT_EMIT_LOC_STRINGS = NO;
				SWIFT_VERSION = 5.0;
				TARGETED_DEVICE_FAMILY = "1,2";
				TEST_TARGET_NAME = HR;
			};
			name = Release;
		};
/* End XCBuildConfiguration section */

/* Begin XCConfigurationList section */
		EBD77D512B23CEFC00028B24 /* Build configuration list for PBXProject "GithubApp" */ = {
			isa = XCConfigurationList;
			buildConfigurations = (
				EBD77D7B2B23CEFF00028B24 /* Debug */,
				EBD77D7C2B23CEFF00028B24 /* Release */,
			);
			defaultConfigurationIsVisible = 0;
			defaultConfigurationName = Release;
		};
		EBD77D7D2B23CEFF00028B24 /* Build configuration list for PBXNativeTarget "GithubApp" */ = {
			isa = XCConfigurationList;
			buildConfigurations = (
				EBD77D7E2B23CEFF00028B24 /* Debug */,
				EBD77D7F2B23CEFF00028B24 /* Release */,
			);
			defaultConfigurationIsVisible = 0;
			defaultConfigurationName = Release;
		};
		EBD77D802B23CEFF00028B24 /* Build configuration list for PBXNativeTarget "GithubAppTests" */ = {
			isa = XCConfigurationList;
			buildConfigurations = (
				EBD77D812B23CEFF00028B24 /* Debug */,
				EBD77D822B23CEFF00028B24 /* Release */,
			);
			defaultConfigurationIsVisible = 0;
			defaultConfigurationName = Release;
		};
		EBD77D832B23CEFF00028B24 /* Build configuration list for PBXNativeTarget "GithubAppUITests" */ = {
			isa = XCConfigurationList;
			buildConfigurations = (
				EBD77D842B23CEFF00028B24 /* Debug */,
				EBD77D852B23CEFF00028B24 /* Release */,
			);
			defaultConfigurationIsVisible = 0;
			defaultConfigurationName = Release;
		};
/* End XCConfigurationList section */
	};
	rootObject = EBD77D4E2B23CEFC00028B24 /* Project object */;
}
